
Microsoft Visual Studio Solution File, Format Version 12.00
# Visual Studio 15
VisualStudioVersion = 15.0.27130.2026
MinimumVisualStudioVersion = 10.0.40219.1
Project("{FAE04EC0-301F-11D3-BF4B-00C04F79EFBC}") = "CursoSMNMVC", "CursoSMNMVC\CursoSMNMVC.csproj", "{63F32B24-857D-4E9F-A1E8-6206DB8C840F}"
EndProject
Project("{2150E333-8FDC-42A3-9474-1A3956D46DE8}") = "Web", "Web", "{6E306B83-5DE7-4597-93CF-C48774D1FD14}"
EndProject
Project("{2150E333-8FDC-42A3-9474-1A3956D46DE8}") = "Application", "Application", "{447499C2-F79E-4529-9070-5AC65B703C37}"
EndProject
Project("{2150E333-8FDC-42A3-9474-1A3956D46DE8}") = "Api", "Api", "{7BDF67D9-D046-4A37-9A18-F7A8FB161FEC}"
EndProject
Project("{2150E333-8FDC-42A3-9474-1A3956D46DE8}") = "Domain", "Domain", "{2170C6C3-F3E1-4131-9479-8B024A6333FA}"
EndProject
Project("{2150E333-8FDC-42A3-9474-1A3956D46DE8}") = "Infra", "Infra", "{F7C93994-9686-4DAC-B0F4-D6B5D61EEA47}"
EndProject
Project("{FAE04EC0-301F-11D3-BF4B-00C04F79EFBC}") = "CursoSMNMVC.Api", "CursoSMNMVC.Api\CursoSMNMVC.Api.csproj", "{F88ACEEF-CB8B-499E-9053-34D096FD5A99}"
EndProject
Project("{FAE04EC0-301F-11D3-BF4B-00C04F79EFBC}") = "CursoSMNMVC.Repository", "CursoSMNMVC.Repository\CursoSMNMVC.Repository.csproj", "{84E832AF-8627-4874-86B5-93BEDC1F0BF1}"
EndProject
Project("{FAE04EC0-301F-11D3-BF4B-00C04F79EFBC}") = "CursoSMNMVC.Domain", "CursoSMNMVC.Domain\CursoSMNMVC.Domain\CursoSMNMVC.Domain.csproj", "{B0645167-A863-45C4-AFAE-BAC1F4D94F32}"
EndProject
Global
	GlobalSection(SolutionConfigurationPlatforms) = preSolution
		Debug|Any CPU = Debug|Any CPU
		Release|Any CPU = Release|Any CPU
	EndGlobalSection
	GlobalSection(ProjectConfigurationPlatforms) = postSolution
		{63F32B24-857D-4E9F-A1E8-6206DB8C840F}.Debug|Any CPU.ActiveCfg = Debug|Any CPU
		{63F32B24-857D-4E9F-A1E8-6206DB8C840F}.Debug|Any CPU.Build.0 = Debug|Any CPU
		{63F32B24-857D-4E9F-A1E8-6206DB8C840F}.Release|Any CPU.ActiveCfg = Release|Any CPU
		{63F32B24-857D-4E9F-A1E8-6206DB8C840F}.Release|Any CPU.Build.0 = Release|Any CPU
		{F88ACEEF-CB8B-499E-9053-34D096FD5A99}.Debug|Any CPU.ActiveCfg = Debug|Any CPU
		{F88ACEEF-CB8B-499E-9053-34D096FD5A99}.Debug|Any CPU.Build.0 = Debug|Any CPU
		{F88ACEEF-CB8B-499E-9053-34D096FD5A99}.Release|Any CPU.ActiveCfg = Release|Any CPU
		{F88ACEEF-CB8B-499E-9053-34D096FD5A99}.Release|Any CPU.Build.0 = Release|Any CPU
		{84E832AF-8627-4874-86B5-93BEDC1F0BF1}.Debug|Any CPU.ActiveCfg = Debug|Any CPU
		{84E832AF-8627-4874-86B5-93BEDC1F0BF1}.Debug|Any CPU.Build.0 = Debug|Any CPU
		{84E832AF-8627-4874-86B5-93BEDC1F0BF1}.Release|Any CPU.ActiveCfg = Release|Any CPU
		{84E832AF-8627-4874-86B5-93BEDC1F0BF1}.Release|Any CPU.Build.0 = Release|Any CPU
		{B0645167-A863-45C4-AFAE-BAC1F4D94F32}.Debug|Any CPU.ActiveCfg = Debug|Any CPU
		{B0645167-A863-45C4-AFAE-BAC1F4D94F32}.Debug|Any CPU.Build.0 = Debug|Any CPU
		{B0645167-A863-45C4-AFAE-BAC1F4D94F32}.Release|Any CPU.ActiveCfg = Release|Any CPU
		{B0645167-A863-45C4-AFAE-BAC1F4D94F32}.Release|Any CPU.Build.0 = Release|Any CPU
	EndGlobalSection
	GlobalSection(SolutionProperties) = preSolution
		HideSolutionNode = FALSE
	EndGlobalSection
	GlobalSection(NestedProjects) = preSolution
		{63F32B24-857D-4E9F-A1E8-6206DB8C840F} = {6E306B83-5DE7-4597-93CF-C48774D1FD14}
		{F88ACEEF-CB8B-499E-9053-34D096FD5A99} = {7BDF67D9-D046-4A37-9A18-F7A8FB161FEC}
		{84E832AF-8627-4874-86B5-93BEDC1F0BF1} = {F7C93994-9686-4DAC-B0F4-D6B5D61EEA47}
		{B0645167-A863-45C4-AFAE-BAC1F4D94F32} = {2170C6C3-F3E1-4131-9479-8B024A6333FA}
	EndGlobalSection
	GlobalSection(ExtensibilityGlobals) = postSolution
		SolutionGuid = {618CE689-B309-4E39-B92B-C5015365C926}
	EndGlobalSection
EndGlobal
